
Microsoft Visual Studio Solution File, Format Version 12.00
# Visual Studio 14
VisualStudioVersion = 14.0.24720.0
MinimumVisualStudioVersion = 10.0.40219.1
Project("{2150E333-8FDC-42A3-9474-1A3956D46DE8}") = "src", "src", "{BF4D455A-283F-447A-B919-7590F1C62B38}"
EndProject
Project("{2150E333-8FDC-42A3-9474-1A3956D46DE8}") = "Solution Items", "Solution Items", "{9A7C53F6-8C63-4314-B772-A13F80CA7558}"
	ProjectSection(SolutionItems) = preProject
		global.json = global.json
	EndProjectSection
EndProject
Project("{8BB2217D-0F2D-49D1-97BC-3654ED321F3B}") = "OGNAnalyserLauncher", "src\OGNAnalyserLauncher\OGNAnalyserLauncher.xproj", "{1958A86F-0469-4A10-8B0C-B2C43D498DF2}"
EndProject
Project("{8BB2217D-0F2D-49D1-97BC-3654ED321F3B}") = "OGNAnalyserCore", "src\OGNAnalyserCore\OGNAnalyserCore.xproj", "{20897E98-A0E7-41E6-92A6-3741C73E402A}"
EndProject
Global
	GlobalSection(SolutionConfigurationPlatforms) = preSolution
		Debug|Any CPU = Debug|Any CPU
		Release|Any CPU = Release|Any CPU
	EndGlobalSection
	GlobalSection(ProjectConfigurationPlatforms) = postSolution
		{1958A86F-0469-4A10-8B0C-B2C43D498DF2}.Debug|Any CPU.ActiveCfg = Debug|Any CPU
		{1958A86F-0469-4A10-8B0C-B2C43D498DF2}.Debug|Any CPU.Build.0 = Debug|Any CPU
		{1958A86F-0469-4A10-8B0C-B2C43D498DF2}.Release|Any CPU.ActiveCfg = Release|Any CPU
		{1958A86F-0469-4A10-8B0C-B2C43D498DF2}.Release|Any CPU.Build.0 = Release|Any CPU
		{20897E98-A0E7-41E6-92A6-3741C73E402A}.Debug|Any CPU.ActiveCfg = Debug|Any CPU
		{20897E98-A0E7-41E6-92A6-3741C73E402A}.Debug|Any CPU.Build.0 = Debug|Any CPU
		{20897E98-A0E7-41E6-92A6-3741C73E402A}.Release|Any CPU.ActiveCfg = Release|Any CPU
		{20897E98-A0E7-41E6-92A6-3741C73E402A}.Release|Any CPU.Build.0 = Release|Any CPU
	EndGlobalSection
	GlobalSection(SolutionProperties) = preSolution
		HideSolutionNode = FALSE
	EndGlobalSection
	GlobalSection(NestedProjects) = preSolution
		{1958A86F-0469-4A10-8B0C-B2C43D498DF2} = {BF4D455A-283F-447A-B919-7590F1C62B38}
		{20897E98-A0E7-41E6-92A6-3741C73E402A} = {BF4D455A-283F-447A-B919-7590F1C62B38}
	EndGlobalSection
EndGlobal
